{
  "name": "rd-network",
  "version": "1.0.0",
  "lockfileVersion": 2,
  "requires": true,
  "packages": {
    "": {
      "name": "rd-network",
      "version": "1.0.0",
      "license": "ISC",
      "devDependencies": {
        "geojson-path-finder": "^1.5.2",
        "leaflet": "^1.7.1",
        "uglify-js": "^3.13.3"
      }
    },
    "node_modules/@turf/distance": {
      "version": "6.3.0",
      "resolved": "https://registry.npmjs.org/@turf/distance/-/distance-6.3.0.tgz",
      "integrity": "sha512-basi24ssNFnH3iXPFjp/aNUrukjObiFWoIyDRqKyBJxVwVOwAWvfk4d38QQyBj5nDo5IahYRq/Q+T47/5hSs9w==",
      "dev": true,
      "dependencies": {
        "@turf/helpers": "^6.3.0",
        "@turf/invariant": "^6.3.0"
      }
    },
    "node_modules/@turf/explode": {
      "version": "6.3.0",
      "resolved": "https://registry.npmjs.org/@turf/explode/-/explode-6.3.0.tgz",
      "integrity": "sha512-J3vOGwf2EJXfh1gifFtxAuuhVYWAMTRQL6jE3h9a8osNLO1nj8JGVxaL6fmJgdZ/A9cFPv1OYUndBzi86UYZvw==",
      "dev": true,
      "dependencies": {
        "@turf/helpers": "^6.3.0",
        "@turf/meta": "^6.3.0"
      }
    },
    "node_modules/@turf/helpers": {
      "version": "6.3.0",
      "resolved": "https://registry.npmjs.org/@turf/helpers/-/helpers-6.3.0.tgz",
      "integrity": "sha512-kr6KuD4Z0GZ30tblTEvi90rvvVNlKieXuMC8CTzE/rVQb0/f/Cb29zCXxTD7giQTEQY/P2nRW23wEqqyNHulCg==",
      "dev": true
    },
    "node_modules/@turf/invariant": {
      "version": "6.3.0",
      "resolved": "https://registry.npmjs.org/@turf/invariant/-/invariant-6.3.0.tgz",
      "integrity": "sha512-2OFOi9p+QOrcIMySEnr+WlOiKaFZ1bY56jA98YyECewJHfhPFWUBZEhc4nWGRT0ahK08Vus9+gcuBX8QIpCIIw==",
      "dev": true,
      "dependencies": {
        "@turf/helpers": "^6.3.0"
      }
    },
    "node_modules/@turf/meta": {
      "version": "6.3.0",
      "resolved": "https://registry.npmjs.org/@turf/meta/-/meta-6.3.0.tgz",
      "integrity": "sha512-qBJjaAJS9H3ap0HlGXyF/Bzfl0qkA9suafX/jnDsZvWMfVLt+s+o6twKrXOGk5t7nnNON2NFRC8+czxpu104EQ==",
      "dev": true,
      "dependencies": {
        "@turf/helpers": "^6.3.0"
      }
    },
    "node_modules/geojson-path-finder": {
      "version": "1.5.3",
      "resolved": "https://registry.npmjs.org/geojson-path-finder/-/geojson-path-finder-1.5.3.tgz",
      "integrity": "sha512-AY04yLLbHQIEfLlCb/kvrU1rJJPuLR0zfWe2fjuquzQdJngvZKN+Fi/mpLoMlimrzDq2xQSYffzIv7XAG0OwZw==",
      "dev": true,
      "dependencies": {
        "@turf/distance": "^6.3.0",
        "@turf/explode": "^6.3.0",
        "@turf/helpers": "^6.3.0",
        "tinyqueue": "^2.0.0"
      }
    },
    "node_modules/leaflet": {
      "version": "1.7.1",
      "resolved": "https://registry.npmjs.org/leaflet/-/leaflet-1.7.1.tgz",
      "integrity": "sha512-/xwPEBidtg69Q3HlqPdU3DnrXQOvQU/CCHA1tcDQVzOwm91YMYaILjNp7L4Eaw5Z4sOYdbBz6koWyibppd8Zqw==",
      "dev": true
    },
    "node_modules/tinyqueue": {
      "version": "2.0.3",
      "resolved": "https://registry.npmjs.org/tinyqueue/-/tinyqueue-2.0.3.tgz",
      "integrity": "sha512-ppJZNDuKGgxzkHihX8v9v9G5f+18gzaTfrukGrq6ueg0lmH4nqVnA2IPG0AEH3jKEk2GRJCUhDoqpoiw3PHLBA==",
      "dev": true
    },
    "node_modules/uglify-js": {
      "version": "3.13.3",
      "resolved": "https://registry.npmjs.org/uglify-js/-/uglify-js-3.13.3.tgz",
      "integrity": "sha512-otIc7O9LyxpUcQoXzj2hL4LPWKklO6LJWoJUzNa8A17Xgi4fOeDC8FBDOLHnC/Slo1CQgsZMcM6as0M76BZaig==",
      "dev": true,
      "bin": {
        "uglifyjs": "bin/uglifyjs"
      },
      "engines": {
        "node": ">=0.8.0"
      }
    }
  },
  "dependencies": {
    "@turf/distance": {
      "version": "6.3.0",
      "resolved": "https://registry.npmjs.org/@turf/distance/-/distance-6.3.0.tgz",
      "integrity": "sha512-basi24ssNFnH3iXPFjp/aNUrukjObiFWoIyDRqKyBJxVwVOwAWvfk4d38QQyBj5nDo5IahYRq/Q+T47/5hSs9w==",
      "dev": true,
      "requires": {
        "@turf/helpers": "^6.3.0",
        "@turf/invariant": "^6.3.0"
      }
    },
    "@turf/explode": {
      "version": "6.3.0",
      "resolved": "https://registry.npmjs.org/@turf/explode/-/explode-6.3.0.tgz",
      "integrity": "sha512-J3vOGwf2EJXfh1gifFtxAuuhVYWAMTRQL6jE3h9a8osNLO1nj8JGVxaL6fmJgdZ/A9cFPv1OYUndBzi86UYZvw==",
      "dev": true,
      "requires": {
        "@turf/helpers": "^6.3.0",
        "@turf/meta": "^6.3.0"
      }
    },
    "@turf/helpers": {
      "version": "6.3.0",
      "resolved": "https://registry.npmjs.org/@turf/helpers/-/helpers-6.3.0.tgz",
      "integrity": "sha512-kr6KuD4Z0GZ30tblTEvi90rvvVNlKieXuMC8CTzE/rVQb0/f/Cb29zCXxTD7giQTEQY/P2nRW23wEqqyNHulCg==",
      "dev": true
    },
    "@turf/invariant": {
      "version": "6.3.0",
      "resolved": "https://registry.npmjs.org/@turf/invariant/-/invariant-6.3.0.tgz",
      "integrity": "sha512-2OFOi9p+QOrcIMySEnr+WlOiKaFZ1bY56jA98YyECewJHfhPFWUBZEhc4nWGRT0ahK08Vus9+gcuBX8QIpCIIw==",
      "dev": true,
      "requires": {
        "@turf/helpers": "^6.3.0"
      }
    },
    "@turf/meta": {
      "version": "6.3.0",
      "resolved": "https://registry.npmjs.org/@turf/meta/-/meta-6.3.0.tgz",
      "integrity": "sha512-qBJjaAJS9H3ap0HlGXyF/Bzfl0qkA9suafX/jnDsZvWMfVLt+s+o6twKrXOGk5t7nnNON2NFRC8+czxpu104EQ==",
      "dev": true,
      "requires": {
        "@turf/helpers": "^6.3.0"
      }
    },
    "geojson-path-finder": {
      "version": "1.5.3",
      "resolved": "https://registry.npmjs.org/geojson-path-finder/-/geojson-path-finder-1.5.3.tgz",
      "integrity": "sha512-AY04yLLbHQIEfLlCb/kvrU1rJJPuLR0zfWe2fjuquzQdJngvZKN+Fi/mpLoMlimrzDq2xQSYffzIv7XAG0OwZw==",
      "dev": true,
      "requires": {
        "@turf/distance": "^6.3.0",
        "@turf/explode": "^6.3.0",
        "@turf/helpers": "^6.3.0",
        "tinyqueue": "^2.0.0"
      }
    },
    "leaflet": {
      "version": "1.7.1",
      "resolved": "https://registry.npmjs.org/leaflet/-/leaflet-1.7.1.tgz",
      "integrity": "sha512-/xwPEBidtg69Q3HlqPdU3DnrXQOvQU/CCHA1tcDQVzOwm91YMYaILjNp7L4Eaw5Z4sOYdbBz6koWyibppd8Zqw==",
      "dev": true
    },
    "tinyqueue": {
      "version": "2.0.3",
      "resolved": "https://registry.npmjs.org/tinyqueue/-/tinyqueue-2.0.3.tgz",
      "integrity": "sha512-ppJZNDuKGgxzkHihX8v9v9G5f+18gzaTfrukGrq6ueg0lmH4nqVnA2IPG0AEH3jKEk2GRJCUhDoqpoiw3PHLBA==",
      "dev": true
    },
    "uglify-js": {
      "version": "3.13.3",
      "resolved": "https://registry.npmjs.org/uglify-js/-/uglify-js-3.13.3.tgz",
      "integrity": "sha512-otIc7O9LyxpUcQoXzj2hL4LPWKklO6LJWoJUzNa8A17Xgi4fOeDC8FBDOLHnC/Slo1CQgsZMcM6as0M76BZaig==",
      "dev": true
    }
  }
}
